
Microsoft Visual Studio Solution File, Format Version 12.00
# Visual Studio Version 17
VisualStudioVersion = 17.13.35806.99
MinimumVisualStudioVersion = 10.0.40219.1
Project("{FAE04EC0-301F-11D3-BF4B-00C04F79EFBC}") = "NapCatScript.Start", "Start\NapCatScript.Start.csproj", "{CB1CBA22-4D1A-4122-AC0E-EFBAD9B31673}"
EndProject
Project("{2150E333-8FDC-42A3-9474-1A3956D46DE8}") = "Solution Items", "Solution Items", "{02EA681E-C7D8-13C7-8484-4AC65E1B71E8}"
	ProjectSection(SolutionItems) = preProject
		.editorconfig = .editorconfig
	EndProjectSection
EndProject
Project("{FAE04EC0-301F-11D3-BF4B-00C04F79EFBC}") = "NapCatScript.Model", "NapCatScript.Model\NapCatScript.Model.csproj", "{25F59680-C489-42CF-889D-02FE8C715A6A}"
EndProject
Project("{FAE04EC0-301F-11D3-BF4B-00C04F79EFBC}") = "NapCatScript.JsonFromat", "NapCatScript.JsonFromat\NapCatScript.JsonFromat.csproj", "{A5E56FDC-08F6-76C5-6E17-6E5ECFA7C3B1}"
EndProject
Project("{FAE04EC0-301F-11D3-BF4B-00C04F79EFBC}") = "NapCatScript.MesgHandle", "NapCatScript.MesgHandle\NapCatScript.MesgHandle.csproj", "{9B9DCA09-2ACA-8409-4E23-9EA1C190C438}"
	ProjectSection(ProjectDependencies) = postProject
		{C44411E4-3055-0F9D-A19E-163A50DC2AF4} = {C44411E4-3055-0F9D-A19E-163A50DC2AF4}
	EndProjectSection
EndProject
Project("{FAE04EC0-301F-11D3-BF4B-00C04F79EFBC}") = "NapCatScript.Tool", "NapCatScript.Tool\NapCatScript.Tool.csproj", "{F679980A-2FCA-AB9D-8FDC-9AAE8326CBEA}"
EndProject
Project("{2150E333-8FDC-42A3-9474-1A3956D46DE8}") = "解决方案项", "解决方案项", "{9FA3D6BD-1EC1-3BA5-80CB-CE02773A58D5}"
EndProject
Project("{FAE04EC0-301F-11D3-BF4B-00C04F79EFBC}") = "NapCatScript.Services", "NapCatScript.Services\NapCatScript.Services.csproj", "{C44411E4-3055-0F9D-A19E-163A50DC2AF4}"
EndProject
Project("{FAE04EC0-301F-11D3-BF4B-00C04F79EFBC}") = "TestPlugin", "TestPlugin\TestPlugin.csproj", "{2C387C4E-7846-4FB7-9655-CDC0B51B4F8C}"
EndProject
Global
	GlobalSection(SolutionConfigurationPlatforms) = preSolution
		Debug|Any CPU = Debug|Any CPU
		Release|Any CPU = Release|Any CPU
	EndGlobalSection
	GlobalSection(ProjectConfigurationPlatforms) = postSolution
		{CB1CBA22-4D1A-4122-AC0E-EFBAD9B31673}.Debug|Any CPU.ActiveCfg = Debug|Any CPU
		{CB1CBA22-4D1A-4122-AC0E-EFBAD9B31673}.Debug|Any CPU.Build.0 = Debug|Any CPU
		{CB1CBA22-4D1A-4122-AC0E-EFBAD9B31673}.Release|Any CPU.ActiveCfg = Release|Any CPU
		{CB1CBA22-4D1A-4122-AC0E-EFBAD9B31673}.Release|Any CPU.Build.0 = Release|Any CPU
		{25F59680-C489-42CF-889D-02FE8C715A6A}.Debug|Any CPU.ActiveCfg = Debug|Any CPU
		{25F59680-C489-42CF-889D-02FE8C715A6A}.Debug|Any CPU.Build.0 = Debug|Any CPU
		{25F59680-C489-42CF-889D-02FE8C715A6A}.Release|Any CPU.ActiveCfg = Release|Any CPU
		{25F59680-C489-42CF-889D-02FE8C715A6A}.Release|Any CPU.Build.0 = Release|Any CPU
		{A5E56FDC-08F6-76C5-6E17-6E5ECFA7C3B1}.Debug|Any CPU.ActiveCfg = Debug|Any CPU
		{A5E56FDC-08F6-76C5-6E17-6E5ECFA7C3B1}.Debug|Any CPU.Build.0 = Debug|Any CPU
		{A5E56FDC-08F6-76C5-6E17-6E5ECFA7C3B1}.Release|Any CPU.ActiveCfg = Release|Any CPU
		{A5E56FDC-08F6-76C5-6E17-6E5ECFA7C3B1}.Release|Any CPU.Build.0 = Release|Any CPU
		{9B9DCA09-2ACA-8409-4E23-9EA1C190C438}.Debug|Any CPU.ActiveCfg = Debug|Any CPU
		{9B9DCA09-2ACA-8409-4E23-9EA1C190C438}.Debug|Any CPU.Build.0 = Debug|Any CPU
		{9B9DCA09-2ACA-8409-4E23-9EA1C190C438}.Release|Any CPU.ActiveCfg = Release|Any CPU
		{9B9DCA09-2ACA-8409-4E23-9EA1C190C438}.Release|Any CPU.Build.0 = Release|Any CPU
		{F679980A-2FCA-AB9D-8FDC-9AAE8326CBEA}.Debug|Any CPU.ActiveCfg = Debug|Any CPU
		{F679980A-2FCA-AB9D-8FDC-9AAE8326CBEA}.Debug|Any CPU.Build.0 = Debug|Any CPU
		{F679980A-2FCA-AB9D-8FDC-9AAE8326CBEA}.Release|Any CPU.ActiveCfg = Release|Any CPU
		{F679980A-2FCA-AB9D-8FDC-9AAE8326CBEA}.Release|Any CPU.Build.0 = Release|Any CPU
		{C44411E4-3055-0F9D-A19E-163A50DC2AF4}.Debug|Any CPU.ActiveCfg = Debug|Any CPU
		{C44411E4-3055-0F9D-A19E-163A50DC2AF4}.Debug|Any CPU.Build.0 = Debug|Any CPU
		{C44411E4-3055-0F9D-A19E-163A50DC2AF4}.Release|Any CPU.ActiveCfg = Release|Any CPU
		{C44411E4-3055-0F9D-A19E-163A50DC2AF4}.Release|Any CPU.Build.0 = Release|Any CPU
		{2C387C4E-7846-4FB7-9655-CDC0B51B4F8C}.Debug|Any CPU.ActiveCfg = Debug|Any CPU
		{2C387C4E-7846-4FB7-9655-CDC0B51B4F8C}.Debug|Any CPU.Build.0 = Debug|Any CPU
		{2C387C4E-7846-4FB7-9655-CDC0B51B4F8C}.Release|Any CPU.ActiveCfg = Release|Any CPU
		{2C387C4E-7846-4FB7-9655-CDC0B51B4F8C}.Release|Any CPU.Build.0 = Release|Any CPU
	EndGlobalSection
	GlobalSection(SolutionProperties) = preSolution
		HideSolutionNode = FALSE
	EndGlobalSection
	GlobalSection(ExtensibilityGlobals) = postSolution
		SolutionGuid = {74F96027-C1FB-481B-A4F7-71E26876D55F}
	EndGlobalSection
EndGlobal
